{
  "pins" : [
    {
      "identity" : "ios-sdk-xcframeworks",
      "kind" : "remoteSourceControl",
      "location" : "https://github.com/unblu/ios-sdk-xcframeworks.git",
      "state" : {
        "branch" : "main",
        "revision" : "c15f99547e1de12fedbfa3d7eab89d21fb160cb2"
      }
    }
  ],
  "version" : 2
}
