{
  "pins" : [
    {
      "identity" : "ios-sdk-xcframeworks",
      "kind" : "remoteSourceControl",
      "location" : "https://github.com/unblu/ios-sdk-xcframeworks.git",
      "state" : {
        "revision" : "563fff5f06639b8e0177c90765f440fb32e4d43b",
        "version" : "4.7.5"
      }
    }
  ],
  "version" : 2
}
